
Microsoft Visual Studio Solution File, Format Version 12.00
# Visual Studio Version 17
VisualStudioVersion = 17.4.33403.182
MinimumVisualStudioVersion = 10.0.40219.1
Project("{FAE04EC0-301F-11D3-BF4B-00C04F79EFBC}") = "Curved_Ractangle", "Curved_Ractangle.csproj", "{3A73A603-72CA-4D68-9DDD-EA974F8D04C1}"
EndProject
Global
	GlobalSection(SolutionConfigurationPlatforms) = preSolution
		Debug|Any CPU = Debug|Any CPU
		Release|Any CPU = Release|Any CPU
	EndGlobalSection
	GlobalSection(ProjectConfigurationPlatforms) = postSolution
		{3A73A603-72CA-4D68-9DDD-EA974F8D04C1}.Debug|Any CPU.ActiveCfg = Debug|Any CPU
		{3A73A603-72CA-4D68-9DDD-EA974F8D04C1}.Debug|Any CPU.Build.0 = Debug|Any CPU
		{3A73A603-72CA-4D68-9DDD-EA974F8D04C1}.Release|Any CPU.ActiveCfg = Release|Any CPU
		{3A73A603-72CA-4D68-9DDD-EA974F8D04C1}.Release|Any CPU.Build.0 = Release|Any CPU
	EndGlobalSection
	GlobalSection(SolutionProperties) = preSolution
		HideSolutionNode = FALSE
	EndGlobalSection
	GlobalSection(ExtensibilityGlobals) = postSolution
		SolutionGuid = {E2D7DF17-DB94-4594-BCB0-161AE7B58691}
	EndGlobalSection
EndGlobal
